
Microsoft Visual Studio Solution File, Format Version 12.00
# Visual Studio 15
Project("{FAE04EC0-301F-11D3-BF4B-00C04F79EFBC}") = "ECG_ISHME", "ECG_ISHME\ECG_ISHME.csproj", "{0523B825-45A5-408F-BB7D-98D23DA80429}"
EndProject
Project("{FAE04EC0-301F-11D3-BF4B-00C04F79EFBC}") = "ECG_ISHME.Tests", "ECG_ISHME.Tests\ECG_ISHME.Tests.csproj", "{22A2785F-959D-48FB-BD58-7E5D86BA1CEB}"
EndProject
Global
	GlobalSection(SolutionConfigurationPlatforms) = preSolution
		Debug|Any CPU = Debug|Any CPU
		Release|Any CPU = Release|Any CPU
	EndGlobalSection
	GlobalSection(ProjectConfigurationPlatforms) = postSolution
		{0523B825-45A5-408F-BB7D-98D23DA80429}.Debug|Any CPU.ActiveCfg = Debug|Any CPU
		{0523B825-45A5-408F-BB7D-98D23DA80429}.Debug|Any CPU.Build.0 = Debug|Any CPU
		{0523B825-45A5-408F-BB7D-98D23DA80429}.Release|Any CPU.ActiveCfg = Release|Any CPU
		{0523B825-45A5-408F-BB7D-98D23DA80429}.Release|Any CPU.Build.0 = Release|Any CPU
		{22A2785F-959D-48FB-BD58-7E5D86BA1CEB}.Debug|Any CPU.ActiveCfg = Debug|Any CPU
		{22A2785F-959D-48FB-BD58-7E5D86BA1CEB}.Debug|Any CPU.Build.0 = Debug|Any CPU
		{22A2785F-959D-48FB-BD58-7E5D86BA1CEB}.Release|Any CPU.ActiveCfg = Release|Any CPU
		{22A2785F-959D-48FB-BD58-7E5D86BA1CEB}.Release|Any CPU.Build.0 = Release|Any CPU
	EndGlobalSection
EndGlobal
